
Microsoft Visual Studio Solution File, Format Version 12.00
# Visual Studio Version 17
VisualStudioVersion = 17.14.36429.23 d17.14
MinimumVisualStudioVersion = 10.0.40219.1
Project("{FAE04EC0-301F-11D3-BF4B-00C04F79EFBC}") = "CPUK.DealCheckProcessor.App", "CPUK.DealCheckProcessor.App\CPUK.DealCheckProcessor.App.csproj", "{FE32D5F7-922F-431F-9D25-0FC40BC5E0EA}"
EndProject
Global
	GlobalSection(SolutionConfigurationPlatforms) = preSolution
		Debug|Any CPU = Debug|Any CPU
		Release|Any CPU = Release|Any CPU
	EndGlobalSection
	GlobalSection(ProjectConfigurationPlatforms) = postSolution
		{FE32D5F7-922F-431F-9D25-0FC40BC5E0EA}.Debug|Any CPU.ActiveCfg = Debug|Any CPU
		{FE32D5F7-922F-431F-9D25-0FC40BC5E0EA}.Debug|Any CPU.Build.0 = Debug|Any CPU
		{FE32D5F7-922F-431F-9D25-0FC40BC5E0EA}.Release|Any CPU.ActiveCfg = Release|Any CPU
		{FE32D5F7-922F-431F-9D25-0FC40BC5E0EA}.Release|Any CPU.Build.0 = Release|Any CPU
	EndGlobalSection
	GlobalSection(SolutionProperties) = preSolution
		HideSolutionNode = FALSE
	EndGlobalSection
	GlobalSection(ExtensibilityGlobals) = postSolution
		SolutionGuid = {B53E1819-4901-451F-BF31-EB9A2479818A}
	EndGlobalSection
EndGlobal
